
Microsoft Visual Studio Solution File, Format Version 12.00
# Visual Studio Version 17
VisualStudioVersion = 17.6.33829.357
MinimumVisualStudioVersion = 10.0.40219.1
Project("{888888A0-9F3D-457C-B088-3A5042F75D52}") = "Spotify Testing", "Spotify Testing\Spotify Testing.pyproj", "{382B7BA3-AF61-4E3E-A68D-5902B893F06F}"
EndProject
Global
	GlobalSection(SolutionConfigurationPlatforms) = preSolution
		Debug|Any CPU = Debug|Any CPU
		Release|Any CPU = Release|Any CPU
	EndGlobalSection
	GlobalSection(ProjectConfigurationPlatforms) = postSolution
		{382B7BA3-AF61-4E3E-A68D-5902B893F06F}.Debug|Any CPU.ActiveCfg = Debug|Any CPU
		{382B7BA3-AF61-4E3E-A68D-5902B893F06F}.Release|Any CPU.ActiveCfg = Release|Any CPU
	EndGlobalSection
	GlobalSection(SolutionProperties) = preSolution
		HideSolutionNode = FALSE
	EndGlobalSection
	GlobalSection(ExtensibilityGlobals) = postSolution
		SolutionGuid = {C6DE56DB-D071-4FF3-AFA0-8F91B7D63A79}
	EndGlobalSection
EndGlobal
